// !$*UTF8*$!
{
	archiveVersion = 1;
	classes = {
	};
	objectVersion = 46;
	objects = {

/* Begin PBXBuildFile section */
		FD509F541E5CDA5C00141A89 /* CloudKit.framework in Frameworks */ = {isa = PBXBuildFile; fileRef = FD509F531E5CDA5C00141A89 /* CloudKit.framework */; };
		FD509F561E5CDAC100141A89 /* SearchableRecord.swift in Sources */ = {isa = PBXBuildFile; fileRef = FD509F551E5CDAC100141A89 /* SearchableRecord.swift */; };
		FDF4A59F1E5B8A6D0094657B /* AppDelegate.swift in Sources */ = {isa = PBXBuildFile; fileRef = FDF4A59E1E5B8A6D0094657B /* AppDelegate.swift */; };
		FDF4A5A41E5B8A6D0094657B /* Main.storyboard in Resources */ = {isa = PBXBuildFile; fileRef = FDF4A5A21E5B8A6D0094657B /* Main.storyboard */; };
		FDF4A5A61E5B8A6D0094657B /* Assets.xcassets in Resources */ = {isa = PBXBuildFile; fileRef = FDF4A5A51E5B8A6D0094657B /* Assets.xcassets */; };
		FDF4A5A91E5B8A6D0094657B /* LaunchScreen.storyboard in Resources */ = {isa = PBXBuildFile; fileRef = FDF4A5A71E5B8A6D0094657B /* LaunchScreen.storyboard */; };
		FDF4A5B11E5B8B230094657B /* PostListTableViewController.swift in Sources */ = {isa = PBXBuildFile; fileRef = FDF4A5B01E5B8B230094657B /* PostListTableViewController.swift */; };
		FDF4A5B91E5B8BCD0094657B /* PostDetailTableViewController.swift in Sources */ = {isa = PBXBuildFile; fileRef = FDF4A5B81E5B8BCD0094657B /* PostDetailTableViewController.swift */; };
		FDF4A5BB1E5B8C650094657B /* AddPostTableViewController.swift in Sources */ = {isa = PBXBuildFile; fileRef = FDF4A5BA1E5B8C650094657B /* AddPostTableViewController.swift */; };
		FDF4A5BD1E5B8C9E0094657B /* SeachResultsTableViewController.swift in Sources */ = {isa = PBXBuildFile; fileRef = FDF4A5BC1E5B8C9E0094657B /* SeachResultsTableViewController.swift */; };
		FDF4A5BF1E5B8D0A0094657B /* Post.swift in Sources */ = {isa = PBXBuildFile; fileRef = FDF4A5BE1E5B8D0A0094657B /* Post.swift */; };
		FDF4A5C11E5B8D900094657B /* Comment.swift in Sources */ = {isa = PBXBuildFile; fileRef = FDF4A5C01E5B8D900094657B /* Comment.swift */; };
		FDF4A5C31E5B90B70094657B /* PostController.swift in Sources */ = {isa = PBXBuildFile; fileRef = FDF4A5C21E5B90B70094657B /* PostController.swift */; };
		FDF4A5C51E5B95220094657B /* PostTableViewCell.swift in Sources */ = {isa = PBXBuildFile; fileRef = FDF4A5C41E5B95220094657B /* PostTableViewCell.swift */; };
		FDF4A5C91E5B96060094657B /* Keys.swift in Sources */ = {isa = PBXBuildFile; fileRef = FDF4A5C81E5B96060094657B /* Keys.swift */; };
/* End PBXBuildFile section */

/* Begin PBXFileReference section */
		FD509F511E5CDA5A00141A89 /* Timeline.entitlements */ = {isa = PBXFileReference; lastKnownFileType = text.plist.entitlements; path = Timeline.entitlements; sourceTree = "<group>"; };
		FD509F531E5CDA5C00141A89 /* CloudKit.framework */ = {isa = PBXFileReference; lastKnownFileType = wrapper.framework; name = CloudKit.framework; path = System/Library/Frameworks/CloudKit.framework; sourceTree = SDKROOT; };
		FD509F551E5CDAC100141A89 /* SearchableRecord.swift */ = {isa = PBXFileReference; fileEncoding = 4; lastKnownFileType = sourcecode.swift; path = SearchableRecord.swift; sourceTree = "<group>"; };
		FD509F571E5CDD1800141A89 /* Testing.playground */ = {isa = PBXFileReference; lastKnownFileType = file.playground; path = Testing.playground; sourceTree = "<group>"; };
		FDF4A59B1E5B8A6D0094657B /* Timeline.app */ = {isa = PBXFileReference; explicitFileType = wrapper.application; includeInIndex = 0; path = Timeline.app; sourceTree = BUILT_PRODUCTS_DIR; };
		FDF4A59E1E5B8A6D0094657B /* AppDelegate.swift */ = {isa = PBXFileReference; lastKnownFileType = sourcecode.swift; path = AppDelegate.swift; sourceTree = "<group>"; };
		FDF4A5A31E5B8A6D0094657B /* Base */ = {isa = PBXFileReference; lastKnownFileType = file.storyboard; name = Base; path = Base.lproj/Main.storyboard; sourceTree = "<group>"; };
		FDF4A5A51E5B8A6D0094657B /* Assets.xcassets */ = {isa = PBXFileReference; lastKnownFileType = folder.assetcatalog; path = Assets.xcassets; sourceTree = "<group>"; };
		FDF4A5A81E5B8A6D0094657B /* Base */ = {isa = PBXFileReference; lastKnownFileType = file.storyboard; name = Base; path = Base.lproj/LaunchScreen.storyboard; sourceTree = "<group>"; };
		FDF4A5AA1E5B8A6D0094657B /* Info.plist */ = {isa = PBXFileReference; lastKnownFileType = text.plist.xml; path = Info.plist; sourceTree = "<group>"; };
		FDF4A5B01E5B8B230094657B /* PostListTableViewController.swift */ = {isa = PBXFileReference; fileEncoding = 4; lastKnownFileType = sourcecode.swift; path = PostListTableViewController.swift; sourceTree = "<group>"; };
		FDF4A5B81E5B8BCD0094657B /* PostDetailTableViewController.swift */ = {isa = PBXFileReference; fileEncoding = 4; lastKnownFileType = sourcecode.swift; path = PostDetailTableViewController.swift; sourceTree = "<group>"; };
		FDF4A5BA1E5B8C650094657B /* AddPostTableViewController.swift */ = {isa = PBXFileReference; fileEncoding = 4; lastKnownFileType = sourcecode.swift; path = AddPostTableViewController.swift; sourceTree = "<group>"; };
		FDF4A5BC1E5B8C9E0094657B /* SeachResultsTableViewController.swift */ = {isa = PBXFileReference; fileEncoding = 4; lastKnownFileType = sourcecode.swift; path = SeachResultsTableViewController.swift; sourceTree = "<group>"; };
		FDF4A5BE1E5B8D0A0094657B /* Post.swift */ = {isa = PBXFileReference; fileEncoding = 4; lastKnownFileType = sourcecode.swift; path = Post.swift; sourceTree = "<group>"; };
		FDF4A5C01E5B8D900094657B /* Comment.swift */ = {isa = PBXFileReference; fileEncoding = 4; lastKnownFileType = sourcecode.swift; path = Comment.swift; sourceTree = "<group>"; };
		FDF4A5C21E5B90B70094657B /* PostController.swift */ = {isa = PBXFileReference; fileEncoding = 4; lastKnownFileType = sourcecode.swift; path = PostController.swift; sourceTree = "<group>"; };
		FDF4A5C41E5B95220094657B /* PostTableViewCell.swift */ = {isa = PBXFileReference; fileEncoding = 4; lastKnownFileType = sourcecode.swift; path = PostTableViewCell.swift; sourceTree = "<group>"; };
		FDF4A5C81E5B96060094657B /* Keys.swift */ = {isa = PBXFileReference; fileEncoding = 4; lastKnownFileType = sourcecode.swift; path = Keys.swift; sourceTree = "<group>"; };
/* End PBXFileReference section */

/* Begin PBXFrameworksBuildPhase section */
		FDF4A5981E5B8A6D0094657B /* Frameworks */ = {
			isa = PBXFrameworksBuildPhase;
			buildActionMask = 2147483647;
			files = (
				FD509F541E5CDA5C00141A89 /* CloudKit.framework in Frameworks */,
			);
			runOnlyForDeploymentPostprocessing = 0;
		};
/* End PBXFrameworksBuildPhase section */

/* Begin PBXGroup section */
		FD509F521E5CDA5C00141A89 /* Frameworks */ = {
			isa = PBXGroup;
			children = (
				FD509F531E5CDA5C00141A89 /* CloudKit.framework */,
			);
			name = Frameworks;
			sourceTree = "<group>";
		};
		FDF4A5921E5B8A6D0094657B = {
			isa = PBXGroup;
			children = (
				FDF4A59D1E5B8A6D0094657B /* Timeline */,
				FDF4A59C1E5B8A6D0094657B /* Products */,
				FD509F521E5CDA5C00141A89 /* Frameworks */,
			);
			sourceTree = "<group>";
		};
		FDF4A59C1E5B8A6D0094657B /* Products */ = {
			isa = PBXGroup;
			children = (
				FDF4A59B1E5B8A6D0094657B /* Timeline.app */,
			);
			name = Products;
			sourceTree = "<group>";
		};
		FDF4A59D1E5B8A6D0094657B /* Timeline */ = {
			isa = PBXGroup;
			children = (
				FD509F511E5CDA5A00141A89 /* Timeline.entitlements */,
				FDF4A59E1E5B8A6D0094657B /* AppDelegate.swift */,
				FDF4A5B51E5B8B410094657B /* Model */,
				FDF4A5B41E5B8B390094657B /* ModelController */,
				FDF4A5B31E5B8B2F0094657B /* ViewControllers */,
				FDF4A5B61E5B8B460094657B /* Helpers */,
				FDF4A5B21E5B8B280094657B /* Resources */,
			);
			path = Timeline;
			sourceTree = "<group>";
		};
		FDF4A5B21E5B8B280094657B /* Resources */ = {
			isa = PBXGroup;
			children = (
				FDF4A5A51E5B8A6D0094657B /* Assets.xcassets */,
				FDF4A5A71E5B8A6D0094657B /* LaunchScreen.storyboard */,
				FDF4A5AA1E5B8A6D0094657B /* Info.plist */,
			);
			name = Resources;
			sourceTree = "<group>";
		};
		FDF4A5B31E5B8B2F0094657B /* ViewControllers */ = {
			isa = PBXGroup;
			children = (
				FDF4A5A21E5B8A6D0094657B /* Main.storyboard */,
				FDF4A5B01E5B8B230094657B /* PostListTableViewController.swift */,
				FDF4A5BC1E5B8C9E0094657B /* SeachResultsTableViewController.swift */,
				FDF4A5B81E5B8BCD0094657B /* PostDetailTableViewController.swift */,
				FDF4A5BA1E5B8C650094657B /* AddPostTableViewController.swift */,
				FDF4A5C41E5B95220094657B /* PostTableViewCell.swift */,
			);
			name = ViewControllers;
			sourceTree = "<group>";
		};
		FDF4A5B41E5B8B390094657B /* ModelController */ = {
			isa = PBXGroup;
			children = (
				FDF4A5C21E5B90B70094657B /* PostController.swift */,
			);
			name = ModelController;
			sourceTree = "<group>";
		};
		FDF4A5B51E5B8B410094657B /* Model */ = {
			isa = PBXGroup;
			children = (
				FDF4A5BE1E5B8D0A0094657B /* Post.swift */,
				FDF4A5C01E5B8D900094657B /* Comment.swift */,
			);
			name = Model;
			sourceTree = "<group>";
		};
		FDF4A5B61E5B8B460094657B /* Helpers */ = {
			isa = PBXGroup;
			children = (
				FDF4A5C81E5B96060094657B /* Keys.swift */,
				FD509F551E5CDAC100141A89 /* SearchableRecord.swift */,
				FD509F571E5CDD1800141A89 /* Testing.playground */,
			);
			name = Helpers;
			sourceTree = "<group>";
		};
/* End PBXGroup section */

/* Begin PBXNativeTarget section */
		FDF4A59A1E5B8A6D0094657B /* Timeline */ = {
			isa = PBXNativeTarget;
			buildConfigurationList = FDF4A5AD1E5B8A6D0094657B /* Build configuration list for PBXNativeTarget "Timeline" */;
			buildPhases = (
				FDF4A5971E5B8A6D0094657B /* Sources */,
				FDF4A5981E5B8A6D0094657B /* Frameworks */,
				FDF4A5991E5B8A6D0094657B /* Resources */,
			);
			buildRules = (
			);
			dependencies = (
			);
			name = Timeline;
			productName = Timeline;
			productReference = FDF4A59B1E5B8A6D0094657B /* Timeline.app */;
			productType = "com.apple.product-type.application";
		};
/* End PBXNativeTarget section */

/* Begin PBXProject section */
		FDF4A5931E5B8A6D0094657B /* Project object */ = {
			isa = PBXProject;
			attributes = {
				LastSwiftUpdateCheck = 0820;
				LastUpgradeCheck = 0820;
				ORGANIZATIONNAME = "Christian McMullin";
				TargetAttributes = {
					FDF4A59A1E5B8A6D0094657B = {
						CreatedOnToolsVersion = 8.2.1;
						DevelopmentTeam = 9Q8KVW72F5;
						ProvisioningStyle = Automatic;
						SystemCapabilities = {
							com.apple.Push = {
								enabled = 1;
							};
							com.apple.iCloud = {
								enabled = 1;
							};
						};
					};
				};
			};
			buildConfigurationList = FDF4A5961E5B8A6D0094657B /* Build configuration list for PBXProject "Timeline" */;
			compatibilityVersion = "Xcode 3.2";
			developmentRegion = English;
			hasScannedForEncodings = 0;
			knownRegions = (
				en,
				Base,
			);
			mainGroup = FDF4A5921E5B8A6D0094657B;
			productRefGroup = FDF4A59C1E5B8A6D0094657B /* Products */;
			projectDirPath = "";
			projectRoot = "";
			targets = (
				FDF4A59A1E5B8A6D0094657B /* Timeline */,
			);
		};
/* End PBXProject section */

/* Begin PBXResourcesBuildPhase section */
		FDF4A5991E5B8A6D0094657B /* Resources */ = {
			isa = PBXResourcesBuildPhase;
			buildActionMask = 2147483647;
			files = (
				FDF4A5A91E5B8A6D0094657B /* LaunchScreen.storyboard in Resources */,
				FDF4A5A61E5B8A6D0094657B /* Assets.xcassets in Resources */,
				FDF4A5A41E5B8A6D0094657B /* Main.storyboard in Resources */,
			);
			runOnlyForDeploymentPostprocessing = 0;
		};
/* End PBXResourcesBuildPhase section */

/* Begin PBXSourcesBuildPhase section */
		FDF4A5971E5B8A6D0094657B /* Sources */ = {
			isa = PBXSourcesBuildPhase;
			buildActionMask = 2147483647;
			files = (
				FDF4A59F1E5B8A6D0094657B /* AppDelegate.swift in Sources */,
				FDF4A5C31E5B90B70094657B /* PostController.swift in Sources */,
				FDF4A5B11E5B8B230094657B /* PostListTableViewController.swift in Sources */,
				FDF4A5BB1E5B8C650094657B /* AddPostTableViewController.swift in Sources */,
				FDF4A5C11E5B8D900094657B /* Comment.swift in Sources */,
				FDF4A5BF1E5B8D0A0094657B /* Post.swift in Sources */,
				FDF4A5BD1E5B8C9E0094657B /* SeachResultsTableViewController.swift in Sources */,
				FDF4A5B91E5B8BCD0094657B /* PostDetailTableViewController.swift in Sources */,
				FDF4A5C51E5B95220094657B /* PostTableViewCell.swift in Sources */,
				FDF4A5C91E5B96060094657B /* Keys.swift in Sources */,
				FD509F561E5CDAC100141A89 /* SearchableRecord.swift in Sources */,
			);
			runOnlyForDeploymentPostprocessing = 0;
		};
/* End PBXSourcesBuildPhase section */

/* Begin PBXVariantGroup section */
		FDF4A5A21E5B8A6D0094657B /* Main.storyboard */ = {
			isa = PBXVariantGroup;
			children = (
				FDF4A5A31E5B8A6D0094657B /* Base */,
			);
			name = Main.storyboard;
			sourceTree = "<group>";
		};
		FDF4A5A71E5B8A6D0094657B /* LaunchScreen.storyboard */ = {
			isa = PBXVariantGroup;
			children = (
				FDF4A5A81E5B8A6D0094657B /* Base */,
			);
			name = LaunchScreen.storyboard;
			sourceTree = "<group>";
		};
/* End PBXVariantGroup section */

/* Begin XCBuildConfiguration section */
		FDF4A5AB1E5B8A6D0094657B /* Debug */ = {
			isa = XCBuildConfiguration;
			buildSettings = {
				ALWAYS_SEARCH_USER_PATHS = NO;
				CLANG_ANALYZER_NONNULL = YES;
				CLANG_CXX_LANGUAGE_STANDARD = "gnu++0x";
				CLANG_CXX_LIBRARY = "libc++";
				CLANG_ENABLE_MODULES = YES;
				CLANG_ENABLE_OBJC_ARC = YES;
				CLANG_WARN_BOOL_CONVERSION = YES;
				CLANG_WARN_CONSTANT_CONVERSION = YES;
				CLANG_WARN_DIRECT_OBJC_ISA_USAGE = YES_ERROR;
				CLANG_WARN_DOCUMENTATION_COMMENTS = YES;
				CLANG_WARN_EMPTY_BODY = YES;
				CLANG_WARN_ENUM_CONVERSION = YES;
				CLANG_WARN_INFINITE_RECURSION = YES;
				CLANG_WARN_INT_CONVERSION = YES;
				CLANG_WARN_OBJC_ROOT_CLASS = YES_ERROR;
				CLANG_WARN_SUSPICIOUS_MOVE = YES;
				CLANG_WARN_UNREACHABLE_CODE = YES;
				CLANG_WARN__DUPLICATE_METHOD_MATCH = YES;
				"CODE_SIGN_IDENTITY[sdk=iphoneos*]" = "iPhone Developer";
				COPY_PHASE_STRIP = NO;
				DEBUG_INFORMATION_FORMAT = dwarf;
				ENABLE_STRICT_OBJC_MSGSEND = YES;
				ENABLE_TESTABILITY = YES;
				GCC_C_LANGUAGE_STANDARD = gnu99;
				GCC_DYNAMIC_NO_PIC = NO;
				GCC_NO_COMMON_BLOCKS = YES;
				GCC_OPTIMIZATION_LEVEL = 0;
				GCC_PREPROCESSOR_DEFINITIONS = (
					"DEBUG=1",
					"$(inherited)",
				);
				GCC_WARN_64_TO_32_BIT_CONVERSION = YES;
				GCC_WARN_ABOUT_RETURN_TYPE = YES_ERROR;
				GCC_WARN_UNDECLARED_SELECTOR = YES;
				GCC_WARN_UNINITIALIZED_AUTOS = YES_AGGRESSIVE;
				GCC_WARN_UNUSED_FUNCTION = YES;
				GCC_WARN_UNUSED_VARIABLE = YES;
				IPHONEOS_DEPLOYMENT_TARGET = 10.2;
				MTL_ENABLE_DEBUG_INFO = YES;
				ONLY_ACTIVE_ARCH = YES;
				SDKROOT = iphoneos;
				SWIFT_ACTIVE_COMPILATION_CONDITIONS = DEBUG;
				SWIFT_OPTIMIZATION_LEVEL = "-Onone";
				TARGETED_DEVICE_FAMILY = "1,2";
			};
			name = Debug;
		};
		FDF4A5AC1E5B8A6D0094657B /* Release */ = {
			isa = XCBuildConfiguration;
			buildSettings = {
				ALWAYS_SEARCH_USER_PATHS = NO;
				CLANG_ANALYZER_NONNULL = YES;
				CLANG_CXX_LANGUAGE_STANDARD = "gnu++0x";
				CLANG_CXX_LIBRARY = "libc++";
				CLANG_ENABLE_MODULES = YES;
				CLANG_ENABLE_OBJC_ARC = YES;
				CLANG_WARN_BOOL_CONVERSION = YES;
				CLANG_WARN_CONSTANT_CONVERSION = YES;
				CLANG_WARN_DIRECT_OBJC_ISA_USAGE = YES_ERROR;
				CLANG_WARN_DOCUMENTATION_COMMENTS = YES;
				CLANG_WARN_EMPTY_BODY = YES;
				CLANG_WARN_ENUM_CONVERSION = YES;
				CLANG_WARN_INFINITE_RECURSION = YES;
				CLANG_WARN_INT_CONVERSION = YES;
				CLANG_WARN_OBJC_ROOT_CLASS = YES_ERROR;
				CLANG_WARN_SUSPICIOUS_MOVE = YES;
				CLANG_WARN_UNREACHABLE_CODE = YES;
				CLANG_WARN__DUPLICATE_METHOD_MATCH = YES;
				"CODE_SIGN_IDENTITY[sdk=iphoneos*]" = "iPhone Developer";
				COPY_PHASE_STRIP = NO;
				DEBUG_INFORMATION_FORMAT = "dwarf-with-dsym";
				ENABLE_NS_ASSERTIONS = NO;
				ENABLE_STRICT_OBJC_MSGSEND = YES;
				GCC_C_LANGUAGE_STANDARD = gnu99;
				GCC_NO_COMMON_BLOCKS = YES;
				GCC_WARN_64_TO_32_BIT_CONVERSION = YES;
				GCC_WARN_ABOUT_RETURN_TYPE = YES_ERROR;
				GCC_WARN_UNDECLARED_SELECTOR = YES;
				GCC_WARN_UNINITIALIZED_AUTOS = YES_AGGRESSIVE;
				GCC_WARN_UNUSED_FUNCTION = YES;
				GCC_WARN_UNUSED_VARIABLE = YES;
				IPHONEOS_DEPLOYMENT_TARGET = 10.2;
				MTL_ENABLE_DEBUG_INFO = NO;
				SDKROOT = iphoneos;
				SWIFT_OPTIMIZATION_LEVEL = "-Owholemodule";
				TARGETED_DEVICE_FAMILY = "1,2";
				VALIDATE_PRODUCT = YES;
			};
			name = Release;
		};
		FDF4A5AE1E5B8A6D0094657B /* Debug */ = {
			isa = XCBuildConfiguration;
			buildSettings = {
				ASSETCATALOG_COMPILER_APPICON_NAME = AppIcon;
				CODE_SIGN_ENTITLEMENTS = Timeline/Timeline.entitlements;
				DEVELOPMENT_TEAM = 9Q8KVW72F5;
				INFOPLIST_FILE = Timeline/Info.plist;
				LD_RUNPATH_SEARCH_PATHS = "$(inherited) @executable_path/Frameworks";
				PRODUCT_BUNDLE_IDENTIFIER = com.christianmcmullin.Timeline;
				PRODUCT_NAME = "$(TARGET_NAME)";
				SWIFT_VERSION = 3.0;
			};
			name = Debug;
		};
		FDF4A5AF1E5B8A6D0094657B /* Release */ = {
			isa = XCBuildConfiguration;
			buildSettings = {
				ASSETCATALOG_COMPILER_APPICON_NAME = AppIcon;
				CODE_SIGN_ENTITLEMENTS = Timeline/Timeline.entitlements;
				DEVELOPMENT_TEAM = 9Q8KVW72F5;
				INFOPLIST_FILE = Timeline/Info.plist;
				LD_RUNPATH_SEARCH_PATHS = "$(inherited) @executable_path/Frameworks";
				PRODUCT_BUNDLE_IDENTIFIER = com.christianmcmullin.Timeline;
				PRODUCT_NAME = "$(TARGET_NAME)";
				SWIFT_VERSION = 3.0;
			};
			name = Release;
		};
/* End XCBuildConfiguration section */

/* Begin XCConfigurationList section */
		FDF4A5961E5B8A6D0094657B /* Build configuration list for PBXProject "Timeline" */ = {
			isa = XCConfigurationList;
			buildConfigurations = (
				FDF4A5AB1E5B8A6D0094657B /* Debug */,
				FDF4A5AC1E5B8A6D0094657B /* Release */,
			);
			defaultConfigurationIsVisible = 0;
			defaultConfigurationName = Release;
		};
		FDF4A5AD1E5B8A6D0094657B /* Build configuration list for PBXNativeTarget "Timeline" */ = {
			isa = XCConfigurationList;
			buildConfigurations = (
				FDF4A5AE1E5B8A6D0094657B /* Debug */,
				FDF4A5AF1E5B8A6D0094657B /* Release */,
			);
			defaultConfigurationIsVisible = 0;
			defaultConfigurationName = Release;
		};
/* End XCConfigurationList section */
	};
	rootObject = FDF4A5931E5B8A6D0094657B /* Project object */;
}
